
Microsoft Visual Studio Solution File, Format Version 12.00
# Visual Studio Version 17
VisualStudioVersion = 17.4.33213.308
MinimumVisualStudioVersion = 10.0.40219.1
Project("{FAE04EC0-301F-11D3-BF4B-00C04F79EFBC}") = "DkoAssignment1", "DkoAssignment1.csproj", "{9F5E7121-495F-4CF9-BE92-08837FF2546D}"
EndProject
Project("{FAE04EC0-301F-11D3-BF4B-00C04F79EFBC}") = "GameManagement", "GameManagement\GameManagement.csproj", "{D3F200A9-B828-4818-B36E-59A52BF8154D}"
EndProject
Global
	GlobalSection(SolutionConfigurationPlatforms) = preSolution
		Debug|Any CPU = Debug|Any CPU
		Release|Any CPU = Release|Any CPU
	EndGlobalSection
	GlobalSection(ProjectConfigurationPlatforms) = postSolution
		{9F5E7121-495F-4CF9-BE92-08837FF2546D}.Debug|Any CPU.ActiveCfg = Debug|Any CPU
		{9F5E7121-495F-4CF9-BE92-08837FF2546D}.Debug|Any CPU.Build.0 = Debug|Any CPU
		{9F5E7121-495F-4CF9-BE92-08837FF2546D}.Release|Any CPU.ActiveCfg = Release|Any CPU
		{9F5E7121-495F-4CF9-BE92-08837FF2546D}.Release|Any CPU.Build.0 = Release|Any CPU
		{D3F200A9-B828-4818-B36E-59A52BF8154D}.Debug|Any CPU.ActiveCfg = Debug|Any CPU
		{D3F200A9-B828-4818-B36E-59A52BF8154D}.Debug|Any CPU.Build.0 = Debug|Any CPU
		{D3F200A9-B828-4818-B36E-59A52BF8154D}.Release|Any CPU.ActiveCfg = Release|Any CPU
		{D3F200A9-B828-4818-B36E-59A52BF8154D}.Release|Any CPU.Build.0 = Release|Any CPU
	EndGlobalSection
	GlobalSection(SolutionProperties) = preSolution
		HideSolutionNode = FALSE
	EndGlobalSection
	GlobalSection(ExtensibilityGlobals) = postSolution
		SolutionGuid = {683FE0B4-79D8-46CF-95CA-16FD723F931A}
	EndGlobalSection
EndGlobal
